
Microsoft Visual Studio Solution File, Format Version 12.00
# Visual Studio Version 16
VisualStudioVersion = 16.0.30711.63
MinimumVisualStudioVersion = 10.0.40219.1
Project("{FAE04EC0-301F-11D3-BF4B-00C04F79EFBC}") = "xxx", "xxx\xxx.csproj", "{636C7522-A2B3-4EFA-B1FD-7A49305DDE83}"
EndProject
Project("{FAE04EC0-301F-11D3-BF4B-00C04F79EFBC}") = "App", "CksKayitDefteri\App.csproj", "{A0682326-BB4F-4E5E-A46D-30A7555569CF}"
EndProject
Project("{FAE04EC0-301F-11D3-BF4B-00C04F79EFBC}") = "Database", "Database\Database.csproj", "{F34A790E-20C8-4A32-BA5A-F3AF32E20472}"
EndProject
Project("{FAE04EC0-301F-11D3-BF4B-00C04F79EFBC}") = "Entities", "Entities\Entities.csproj", "{6C62EEB8-6124-440F-96F4-4C92F85038AE}"
EndProject
Project("{FAE04EC0-301F-11D3-BF4B-00C04F79EFBC}") = "Utilities", "Utilities\Utilities.csproj", "{B88DF31A-84B7-4BCB-8C75-68E44BE9AD33}"
EndProject
Global
	GlobalSection(SolutionConfigurationPlatforms) = preSolution
		Debug|Any CPU = Debug|Any CPU
		Release|Any CPU = Release|Any CPU
	EndGlobalSection
	GlobalSection(ProjectConfigurationPlatforms) = postSolution
		{636C7522-A2B3-4EFA-B1FD-7A49305DDE83}.Debug|Any CPU.ActiveCfg = Debug|Any CPU
		{636C7522-A2B3-4EFA-B1FD-7A49305DDE83}.Debug|Any CPU.Build.0 = Debug|Any CPU
		{636C7522-A2B3-4EFA-B1FD-7A49305DDE83}.Release|Any CPU.ActiveCfg = Release|Any CPU
		{636C7522-A2B3-4EFA-B1FD-7A49305DDE83}.Release|Any CPU.Build.0 = Release|Any CPU
		{A0682326-BB4F-4E5E-A46D-30A7555569CF}.Debug|Any CPU.ActiveCfg = Debug|Any CPU
		{A0682326-BB4F-4E5E-A46D-30A7555569CF}.Debug|Any CPU.Build.0 = Debug|Any CPU
		{A0682326-BB4F-4E5E-A46D-30A7555569CF}.Release|Any CPU.ActiveCfg = Release|Any CPU
		{A0682326-BB4F-4E5E-A46D-30A7555569CF}.Release|Any CPU.Build.0 = Release|Any CPU
		{F34A790E-20C8-4A32-BA5A-F3AF32E20472}.Debug|Any CPU.ActiveCfg = Debug|Any CPU
		{F34A790E-20C8-4A32-BA5A-F3AF32E20472}.Debug|Any CPU.Build.0 = Debug|Any CPU
		{F34A790E-20C8-4A32-BA5A-F3AF32E20472}.Release|Any CPU.ActiveCfg = Release|Any CPU
		{F34A790E-20C8-4A32-BA5A-F3AF32E20472}.Release|Any CPU.Build.0 = Release|Any CPU
		{6C62EEB8-6124-440F-96F4-4C92F85038AE}.Debug|Any CPU.ActiveCfg = Debug|Any CPU
		{6C62EEB8-6124-440F-96F4-4C92F85038AE}.Debug|Any CPU.Build.0 = Debug|Any CPU
		{6C62EEB8-6124-440F-96F4-4C92F85038AE}.Release|Any CPU.ActiveCfg = Release|Any CPU
		{6C62EEB8-6124-440F-96F4-4C92F85038AE}.Release|Any CPU.Build.0 = Release|Any CPU
		{B88DF31A-84B7-4BCB-8C75-68E44BE9AD33}.Debug|Any CPU.ActiveCfg = Debug|Any CPU
		{B88DF31A-84B7-4BCB-8C75-68E44BE9AD33}.Debug|Any CPU.Build.0 = Debug|Any CPU
		{B88DF31A-84B7-4BCB-8C75-68E44BE9AD33}.Release|Any CPU.ActiveCfg = Release|Any CPU
		{B88DF31A-84B7-4BCB-8C75-68E44BE9AD33}.Release|Any CPU.Build.0 = Release|Any CPU
	EndGlobalSection
	GlobalSection(SolutionProperties) = preSolution
		HideSolutionNode = FALSE
	EndGlobalSection
	GlobalSection(ExtensibilityGlobals) = postSolution
		SolutionGuid = {0F580427-8B29-4408-AE84-22724B6F2FB5}
	EndGlobalSection
EndGlobal
